
Microsoft Visual Studio Solution File, Format Version 12.00
# Visual Studio Version 17
VisualStudioVersion = 17.10.34916.146
MinimumVisualStudioVersion = 10.0.40219.1
Project("{FAE04EC0-301F-11D3-BF4B-00C04F79EFBC}") = "RecursionDemo", "RecursionDemo.csproj", "{028F08F6-E8B5-4FD4-BD35-1A7C151F2145}"
EndProject
Global
	GlobalSection(SolutionConfigurationPlatforms) = preSolution
		Debug|Any CPU = Debug|Any CPU
		Release|Any CPU = Release|Any CPU
	EndGlobalSection
	GlobalSection(ProjectConfigurationPlatforms) = postSolution
		{028F08F6-E8B5-4FD4-BD35-1A7C151F2145}.Debug|Any CPU.ActiveCfg = Debug|Any CPU
		{028F08F6-E8B5-4FD4-BD35-1A7C151F2145}.Debug|Any CPU.Build.0 = Debug|Any CPU
		{028F08F6-E8B5-4FD4-BD35-1A7C151F2145}.Release|Any CPU.ActiveCfg = Release|Any CPU
		{028F08F6-E8B5-4FD4-BD35-1A7C151F2145}.Release|Any CPU.Build.0 = Release|Any CPU
	EndGlobalSection
	GlobalSection(SolutionProperties) = preSolution
		HideSolutionNode = FALSE
	EndGlobalSection
	GlobalSection(ExtensibilityGlobals) = postSolution
		SolutionGuid = {2900D18D-3023-4E1D-812A-DAAA127CF0BF}
	EndGlobalSection
EndGlobal
